<?xml version="1.0" encoding="utf-8"?>
<Project ToolsVersion="4.0" xmlns="http://schemas.microsoft.com/developer/msbuild/2003">
  <ItemGroup>
    <Filter Include="Source Files">
      <UniqueIdentifier>{4FC737F1-C7A5-4376-A066-2A32D752A2FF}</UniqueIdentifier>
      <Extensions>cpp;c;cc;cxx;c++;cppm;ixx;def;odl;idl;hpj;bat;asm;asmx</Extensions>
    </Filter>
    <Filter Include="Header Files">
      <UniqueIdentifier>{93995380-89BD-4b04-88EB-625FBE52EBFB}</UniqueIdentifier>
      <Extensions>h;hh;hpp;hxx;h++;hm;inl;inc;ipp;xsd</Extensions>
    </Filter>
    <Filter Include="Resource Files">
      <UniqueIdentifier>{67DA6AB6-F800-4c08-8B7A-83BB121AAD01}</UniqueIdentifier>
      <Extensions>rc;ico;cur;bmp;dlg;rc2;rct;bin;rgs;gif;jpg;jpeg;jpe;resx;tiff;tif;png;wav;mfcribbon-ms</Extensions>
    </Filter>
    <Filter Include="Header Files\Tools">
      <UniqueIdentifier>{049d5525-8a25-4486-9163-130d50e227b1}</UniqueIdentifier>
    </Filter>
    <Filter Include="Header Files\Design">
      <UniqueIdentifier>{2dd98b6a-2c7b-47f9-94e4-ae3b1f03e2f8}</UniqueIdentifier>
    </Filter>
    <Filter Include="Source Files\ToolsFunction">
      <UniqueIdentifier>{af39b1fa-93b5-4625-9c83-383f5e679441}</UniqueIdentifier>
    </Filter>
    <Filter Include="Source Files\Design">
      <UniqueIdentifier>{60e26424-1bdf-41b0-a386-cb735353e158}</UniqueIdentifier>
    </Filter>
    <Filter Include="Header Files\Structs">
      <UniqueIdentifier>{2a759017-6aef-43ab-9073-d7f2579e1c0e}</UniqueIdentifier>
    </Filter>
    <Filter Include="Source Files\StructsFunction">
      <UniqueIdentifier>{3f904baf-fb98-4e22-be85-a2f82efb5fc9}</UniqueIdentifier>
    </Filter>
    <Filter Include="Header Files\InternalTools">
      <UniqueIdentifier>{3b053d35-4ba8-4f6e-95b4-f3d64f07ac47}</UniqueIdentifier>
    </Filter>
    <Filter Include="Source Files\InternalToolsFunction">
      <UniqueIdentifier>{02d27828-10c4-4dde-b626-835d44e74940}</UniqueIdentifier>
    </Filter>
    <Filter Include="Header Files\DisplayElement">
      <UniqueIdentifier>{c1502887-e551-4318-af45-adbc874b9a7b}</UniqueIdentifier>
    </Filter>
    <Filter Include="Source Files\DisplayElementsFuntion">
      <UniqueIdentifier>{2e66350f-fac1-4bed-b327-02d08dc57d01}</UniqueIdentifier>
    </Filter>
  </ItemGroup>
  <ItemGroup>
    <ClCompile Include="main.cpp">
      <Filter>Source Files</Filter>
    </ClCompile>
    <ClCompile Include="Button.cpp">
      <Filter>Source Files\ToolsFunction</Filter>
    </ClCompile>
    <ClCompile Include="DropdownBox.cpp">
      <Filter>Source Files\ToolsFunction</Filter>
    </ClCompile>
    <ClCompile Include="MenuBar.cpp">
      <Filter>Source Files\ToolsFunction</Filter>
    </ClCompile>
    <ClCompile Include="Taskbar.cpp">
      <Filter>Source Files\ToolsFunction</Filter>
    </ClCompile>
    <ClCompile Include="Layout.cpp">
      <Filter>Source Files\Design</Filter>
    </ClCompile>
    <ClCompile Include="Style.cpp">
      <Filter>Source Files\Design</Filter>
    </ClCompile>
    <ClCompile Include="StaticArray.cpp">
      <Filter>Source Files\StructsFunction</Filter>
    </ClCompile>
    <ClCompile Include="Textbox.cpp">
      <Filter>Source Files\ToolsFunction</Filter>
    </ClCompile>
    <ClCompile Include="MousePos.cpp">
      <Filter>Source Files\ToolsFunction</Filter>
    </ClCompile>
    <ClCompile Include="Function.cpp">
      <Filter>Source Files\InternalToolsFunction</Filter>
    </ClCompile>
    <ClCompile Include="Format.cpp">
      <Filter>Source Files\InternalToolsFunction</Filter>
    </ClCompile>
    <ClCompile Include="Display.cpp">
      <Filter>Source Files\InternalToolsFunction</Filter>
    </ClCompile>
    <ClCompile Include="ButtonImage.cpp">
      <Filter>Source Files\ToolsFunction</Filter>
    </ClCompile>
    <ClCompile Include="Slider.cpp">
      <Filter>Source Files\ToolsFunction</Filter>
    </ClCompile>
    <ClCompile Include="Control.cpp">
      <Filter>Source Files\InternalToolsFunction</Filter>
    </ClCompile>
    <ClCompile Include="Color.cpp">
      <Filter>Source Files\Design</Filter>
    </ClCompile>
    <ClCompile Include="Source.cpp">
      <Filter>Source Files\InternalToolsFunction</Filter>
    </ClCompile>
    <ClCompile Include="DynamicArray.cpp">
      <Filter>Source Files\StructsFunction</Filter>
    </ClCompile>
    <ClCompile Include="ArrayNode.cpp">
      <Filter>Source Files\DisplayElementsFuntion</Filter>
    </ClCompile>
    <ClCompile Include="LinkedListNode.cpp">
      <Filter>Source Files\DisplayElementsFuntion</Filter>
    </ClCompile>
    <ClCompile Include="Layer.cpp">
      <Filter>Source Files\DisplayElementsFuntion</Filter>
    </ClCompile>
    <ClCompile Include="Arrow.cpp">
      <Filter>Source Files\DisplayElementsFuntion</Filter>
    </ClCompile>
    <ClCompile Include="LinkedList.cpp">
      <Filter>Source Files\StructsFunction</Filter>
    </ClCompile>
    <ClCompile Include="Animation.cpp">
      <Filter>Source Files\InternalToolsFunction</Filter>
    </ClCompile>
    <ClCompile Include="Queue.cpp">
      <Filter>Source Files\StructsFunction</Filter>
    </ClCompile>
    <ClCompile Include="Stack.cpp">
      <Filter>Source Files\StructsFunction</Filter>
    </ClCompile>
    <ClCompile Include="DLinkedList.cpp">
      <Filter>Source Files\StructsFunction</Filter>
    </ClCompile>
    <ClCompile Include="CLinkedList.h">
      <Filter>Header Files\Structs</Filter>
    </ClCompile>
    <ClCompile Include="CLinkedList.cpp">
      <Filter>Source Files\StructsFunction</Filter>
    </ClCompile>
  </ItemGroup>
  <ItemGroup>
    <ClInclude Include="Button.h">
      <Filter>Header Files\Tools</Filter>
    </ClInclude>
    <ClInclude Include="DropdownBox.h">
      <Filter>Header Files\Tools</Filter>
    </ClInclude>
    <ClInclude Include="Taskbar.h">
      <Filter>Header Files\Tools</Filter>
    </ClInclude>
    <ClInclude Include="MenuBar.h">
      <Filter>Header Files\Tools</Filter>
    </ClInclude>
    <ClInclude Include="MousePos.h">
      <Filter>Header Files\Tools</Filter>
    </ClInclude>
    <ClInclude Include="Layout.h">
      <Filter>Header Files\Design</Filter>
    </ClInclude>
    <ClInclude Include="Style.h">
      <Filter>Header Files\Design</Filter>
    </ClInclude>
    <ClInclude Include="Visualize.h">
      <Filter>Header Files\Design</Filter>
    </ClInclude>
    <ClInclude Include="StaticArray.h">
      <Filter>Header Files\Structs</Filter>
    </ClInclude>
    <ClInclude Include="Textbox.h">
      <Filter>Header Files\Tools</Filter>
    </ClInclude>
    <ClInclude Include="Function.h">
      <Filter>Header Files\InternalTools</Filter>
    </ClInclude>
    <ClInclude Include="Format.h">
      <Filter>Header Files\InternalTools</Filter>
    </ClInclude>
    <ClInclude Include="Display.h">
      <Filter>Header Files\InternalTools</Filter>
    </ClInclude>
    <ClInclude Include="ButtonImage.h">
      <Filter>Header Files\Tools</Filter>
    </ClInclude>
    <ClInclude Include="Slider.h">
      <Filter>Header Files\Tools</Filter>
    </ClInclude>
    <ClInclude Include="Control.h">
      <Filter>Header Files\InternalTools</Filter>
    </ClInclude>
    <ClInclude Include="Color.h">
      <Filter>Header Files\Design</Filter>
    </ClInclude>
    <ClInclude Include="Source.h">
      <Filter>Header Files\InternalTools</Filter>
    </ClInclude>
    <ClInclude Include="DynamicArray.h">
      <Filter>Header Files\Structs</Filter>
    </ClInclude>
    <ClInclude Include="ArrayNode.h">
      <Filter>Header Files\DisplayElement</Filter>
    </ClInclude>
    <ClInclude Include="LinkedListNode.h">
      <Filter>Header Files\DisplayElement</Filter>
    </ClInclude>
    <ClInclude Include="Arrow.h">
      <Filter>Header Files\DisplayElement</Filter>
    </ClInclude>
    <ClInclude Include="Layer.h">
      <Filter>Header Files\DisplayElement</Filter>
    </ClInclude>
    <ClInclude Include="LinkedList.h">
      <Filter>Header Files\Structs</Filter>
    </ClInclude>
    <ClInclude Include="Animation.h">
      <Filter>Header Files\InternalTools</Filter>
    </ClInclude>
    <ClInclude Include="Queue.h">
      <Filter>Header Files\Structs</Filter>
    </ClInclude>
    <ClInclude Include="Stack.h">
      <Filter>Header Files\Structs</Filter>
    </ClInclude>
    <ClInclude Include="DLinkedList.h">
      <Filter>Header Files\Structs</Filter>
    </ClInclude>
  </ItemGroup>
</Project>